PODS:
  - Flutter (1.0.0)
  - flutter_plugin_amap (0.0.1):
    - Flutter

DEPENDENCIES:
  - Flutter (from `Flutter`)
  - flutter_plugin_amap (from `.symlinks/plugins/flutter_plugin_amap/ios`)

EXTERNAL SOURCES:
  Flutter:
    :path: Flutter
  flutter_plugin_amap:
    :path: ".symlinks/plugins/flutter_plugin_amap/ios"

SPEC CHECKSUMS:
  Flutter: 0e3d915762c693b495b44d77113d4970485de6ec
  flutter_plugin_amap: 7c2ae27b70210bf1587908cc9f4d985cc36ff37e

PODFILE CHECKSUM: c34e2287a9ccaa606aeceab922830efb9a6ff69a

COCOAPODS: 1.9.3
